
Microsoft Visual Studio Solution File, Format Version 12.00
# Visual Studio 15
VisualStudioVersion = 15.0.27703.2035
MinimumVisualStudioVersion = 10.0.40219.1
Project("{8BC9CEB8-8B4A-11D0-8D11-00A0C91BC942}") = "Proxy", "Proxy\Proxy.vcxproj", "{D0F8CB01-6D18-4EC3-B4CD-34B849D658BA}"
EndProject
Global
	GlobalSection(SolutionConfigurationPlatforms) = preSolution
		Debug|x64 = Debug|x64
		Debug|x86 = Debug|x86
		Release|x64 = Release|x64
		Release|x86 = Release|x86
	EndGlobalSection
	GlobalSection(ProjectConfigurationPlatforms) = postSolution
		{D0F8CB01-6D18-4EC3-B4CD-34B849D658BA}.Debug|x64.ActiveCfg = Debug|x64
		{D0F8CB01-6D18-4EC3-B4CD-34B849D658BA}.Debug|x64.Build.0 = Debug|x64
		{D0F8CB01-6D18-4EC3-B4CD-34B849D658BA}.Debug|x86.ActiveCfg = Debug|Win32
		{D0F8CB01-6D18-4EC3-B4CD-34B849D658BA}.Debug|x86.Build.0 = Debug|Win32
		{D0F8CB01-6D18-4EC3-B4CD-34B849D658BA}.Release|x64.ActiveCfg = Release|x64
		{D0F8CB01-6D18-4EC3-B4CD-34B849D658BA}.Release|x64.Build.0 = Release|x64
		{D0F8CB01-6D18-4EC3-B4CD-34B849D658BA}.Release|x86.ActiveCfg = Release|Win32
		{D0F8CB01-6D18-4EC3-B4CD-34B849D658BA}.Release|x86.Build.0 = Release|Win32
	EndGlobalSection
	GlobalSection(SolutionProperties) = preSolution
		HideSolutionNode = FALSE
	EndGlobalSection
	GlobalSection(ExtensibilityGlobals) = postSolution
		SolutionGuid = {27744F30-8085-42D4-8689-B14E5C8F8350}
	EndGlobalSection
EndGlobal
