
Microsoft Visual Studio Solution File, Format Version 12.00
# Visual Studio 15
VisualStudioVersion = 15.0.27703.2035
MinimumVisualStudioVersion = 10.0.40219.1
Project("{8BC9CEB8-8B4A-11D0-8D11-00A0C91BC942}") = "TemplateMethod", "TemplateMethod\TemplateMethod.vcxproj", "{BBDDED59-77C4-4164-9672-2C780470F241}"
EndProject
Global
	GlobalSection(SolutionConfigurationPlatforms) = preSolution
		Debug|x64 = Debug|x64
		Debug|x86 = Debug|x86
		Release|x64 = Release|x64
		Release|x86 = Release|x86
	EndGlobalSection
	GlobalSection(ProjectConfigurationPlatforms) = postSolution
		{BBDDED59-77C4-4164-9672-2C780470F241}.Debug|x64.ActiveCfg = Debug|x64
		{BBDDED59-77C4-4164-9672-2C780470F241}.Debug|x64.Build.0 = Debug|x64
		{BBDDED59-77C4-4164-9672-2C780470F241}.Debug|x86.ActiveCfg = Debug|Win32
		{BBDDED59-77C4-4164-9672-2C780470F241}.Debug|x86.Build.0 = Debug|Win32
		{BBDDED59-77C4-4164-9672-2C780470F241}.Release|x64.ActiveCfg = Release|x64
		{BBDDED59-77C4-4164-9672-2C780470F241}.Release|x64.Build.0 = Release|x64
		{BBDDED59-77C4-4164-9672-2C780470F241}.Release|x86.ActiveCfg = Release|Win32
		{BBDDED59-77C4-4164-9672-2C780470F241}.Release|x86.Build.0 = Release|Win32
	EndGlobalSection
	GlobalSection(SolutionProperties) = preSolution
		HideSolutionNode = FALSE
	EndGlobalSection
	GlobalSection(ExtensibilityGlobals) = postSolution
		SolutionGuid = {F476D8C0-B604-4358-9EE8-5A52FB3DD88D}
	EndGlobalSection
EndGlobal
